
Microsoft Visual Studio Solution File, Format Version 12.00
# Visual Studio Version 16
VisualStudioVersion = 16.0.28803.352
MinimumVisualStudioVersion = 10.0.40219.1
Project("{FAE04EC0-301F-11D3-BF4B-00C04F79EFBC}") = "RegistroUniversitario", "RegistroUniversitario.csproj", "{0515385C-744D-4BF6-B6C3-6042373039EE}"
EndProject
Global
	GlobalSection(SolutionConfigurationPlatforms) = preSolution
		Debug|Any CPU = Debug|Any CPU
		Release|Any CPU = Release|Any CPU
	EndGlobalSection
	GlobalSection(ProjectConfigurationPlatforms) = postSolution
		{0515385C-744D-4BF6-B6C3-6042373039EE}.Debug|Any CPU.ActiveCfg = Debug|Any CPU
		{0515385C-744D-4BF6-B6C3-6042373039EE}.Debug|Any CPU.Build.0 = Debug|Any CPU
		{0515385C-744D-4BF6-B6C3-6042373039EE}.Release|Any CPU.ActiveCfg = Release|Any CPU
		{0515385C-744D-4BF6-B6C3-6042373039EE}.Release|Any CPU.Build.0 = Release|Any CPU
	EndGlobalSection
	GlobalSection(SolutionProperties) = preSolution
		HideSolutionNode = FALSE
	EndGlobalSection
	GlobalSection(ExtensibilityGlobals) = postSolution
		SolutionGuid = {FE135297-59AD-4DAE-93A7-6362C7C3146C}
	EndGlobalSection
EndGlobal
